
Microsoft Visual Studio Solution File, Format Version 12.00
# Visual Studio 15
VisualStudioVersion = 15.0.26124.0
MinimumVisualStudioVersion = 15.0.26124.0
Project("{FAE04EC0-301F-11D3-BF4B-00C04F79EFBC}") = "GT.Geo.Entities", "GT.Geo.Entities\GT.Geo.Entities.csproj", "{CA2AE0F6-49FA-4235-9A64-33406731B27F}"
EndProject
Project("{FAE04EC0-301F-11D3-BF4B-00C04F79EFBC}") = "GT.Geo.DAL", "GT.Geo.DAL\GT.Geo.DAL.csproj", "{036A1A7D-898A-448B-841F-7B7FA40A0CAE}"
EndProject
Project("{FAE04EC0-301F-11D3-BF4B-00C04F79EFBC}") = "GT.Geo.BLL", "GT.Geo.BLL\GT.Geo.BLL.csproj", "{F10D3DBE-232F-4460-BC4B-4A0A697A8638}"
EndProject
Project("{FAE04EC0-301F-11D3-BF4B-00C04F79EFBC}") = "GT.Geo.API", "GT.Geo.API\GT.Geo.API.csproj", "{91EF2BE1-36EE-4C5B-BCD0-7C1F28B0B801}"
EndProject
Project("{FAE04EC0-301F-11D3-BF4B-00C04F79EFBC}") = "GT.Geo.Client", "GT.Geo.Client\GT.Geo.Client.csproj", "{5A61FB7E-7644-4DE1-BB20-6696F12A619A}"
EndProject
Project("{FAE04EC0-301F-11D3-BF4B-00C04F79EFBC}") = "GT.Geo.Tests", "GT.Geo.Tests\GT.Geo.Tests.csproj", "{81923DD6-F38F-49A9-8D33-32D7CA806144}"
EndProject
Project("{FAE04EC0-301F-11D3-BF4B-00C04F79EFBC}") = "GS.Core.Entities", "..\..\..\GoodSoft_DotNet\GS.Core\GS.Core.Entities\GS.Core.Entities.csproj", "{E57EEF25-8BE0-4827-9C8E-A4875D56BDB7}"
EndProject
Project("{FAE04EC0-301F-11D3-BF4B-00C04F79EFBC}") = "GS.Core.DAL", "..\..\..\GoodSoft_DotNet\GS.Core\GS.Core.DAL\GS.Core.DAL.csproj", "{C1753AFF-F725-4304-AF84-DAB1BF23991B}"
EndProject
Project("{FAE04EC0-301F-11D3-BF4B-00C04F79EFBC}") = "GS.Core.BLL", "..\..\..\GoodSoft_DotNet\GS.Core\GS.Core.BLL\GS.Core.BLL.csproj", "{824F7515-67B2-49FE-875B-55DE55F83FB7}"
EndProject
Global
	GlobalSection(SolutionConfigurationPlatforms) = preSolution
		Debug|Any CPU = Debug|Any CPU
		Debug|x64 = Debug|x64
		Debug|x86 = Debug|x86
		Release|Any CPU = Release|Any CPU
		Release|x64 = Release|x64
		Release|x86 = Release|x86
	EndGlobalSection
	GlobalSection(SolutionProperties) = preSolution
		HideSolutionNode = FALSE
	EndGlobalSection
	GlobalSection(ProjectConfigurationPlatforms) = postSolution
		{CA2AE0F6-49FA-4235-9A64-33406731B27F}.Debug|Any CPU.ActiveCfg = Debug|Any CPU
		{CA2AE0F6-49FA-4235-9A64-33406731B27F}.Debug|Any CPU.Build.0 = Debug|Any CPU
		{CA2AE0F6-49FA-4235-9A64-33406731B27F}.Debug|x64.ActiveCfg = Debug|Any CPU
		{CA2AE0F6-49FA-4235-9A64-33406731B27F}.Debug|x64.Build.0 = Debug|Any CPU
		{CA2AE0F6-49FA-4235-9A64-33406731B27F}.Debug|x86.ActiveCfg = Debug|Any CPU
		{CA2AE0F6-49FA-4235-9A64-33406731B27F}.Debug|x86.Build.0 = Debug|Any CPU
		{CA2AE0F6-49FA-4235-9A64-33406731B27F}.Release|Any CPU.ActiveCfg = Release|Any CPU
		{CA2AE0F6-49FA-4235-9A64-33406731B27F}.Release|Any CPU.Build.0 = Release|Any CPU
		{CA2AE0F6-49FA-4235-9A64-33406731B27F}.Release|x64.ActiveCfg = Release|Any CPU
		{CA2AE0F6-49FA-4235-9A64-33406731B27F}.Release|x64.Build.0 = Release|Any CPU
		{CA2AE0F6-49FA-4235-9A64-33406731B27F}.Release|x86.ActiveCfg = Release|Any CPU
		{CA2AE0F6-49FA-4235-9A64-33406731B27F}.Release|x86.Build.0 = Release|Any CPU
		{036A1A7D-898A-448B-841F-7B7FA40A0CAE}.Debug|Any CPU.ActiveCfg = Debug|Any CPU
		{036A1A7D-898A-448B-841F-7B7FA40A0CAE}.Debug|Any CPU.Build.0 = Debug|Any CPU
		{036A1A7D-898A-448B-841F-7B7FA40A0CAE}.Debug|x64.ActiveCfg = Debug|Any CPU
		{036A1A7D-898A-448B-841F-7B7FA40A0CAE}.Debug|x64.Build.0 = Debug|Any CPU
		{036A1A7D-898A-448B-841F-7B7FA40A0CAE}.Debug|x86.ActiveCfg = Debug|Any CPU
		{036A1A7D-898A-448B-841F-7B7FA40A0CAE}.Debug|x86.Build.0 = Debug|Any CPU
		{036A1A7D-898A-448B-841F-7B7FA40A0CAE}.Release|Any CPU.ActiveCfg = Release|Any CPU
		{036A1A7D-898A-448B-841F-7B7FA40A0CAE}.Release|Any CPU.Build.0 = Release|Any CPU
		{036A1A7D-898A-448B-841F-7B7FA40A0CAE}.Release|x64.ActiveCfg = Release|Any CPU
		{036A1A7D-898A-448B-841F-7B7FA40A0CAE}.Release|x64.Build.0 = Release|Any CPU
		{036A1A7D-898A-448B-841F-7B7FA40A0CAE}.Release|x86.ActiveCfg = Release|Any CPU
		{036A1A7D-898A-448B-841F-7B7FA40A0CAE}.Release|x86.Build.0 = Release|Any CPU
		{F10D3DBE-232F-4460-BC4B-4A0A697A8638}.Debug|Any CPU.ActiveCfg = Debug|Any CPU
		{F10D3DBE-232F-4460-BC4B-4A0A697A8638}.Debug|Any CPU.Build.0 = Debug|Any CPU
		{F10D3DBE-232F-4460-BC4B-4A0A697A8638}.Debug|x64.ActiveCfg = Debug|Any CPU
		{F10D3DBE-232F-4460-BC4B-4A0A697A8638}.Debug|x64.Build.0 = Debug|Any CPU
		{F10D3DBE-232F-4460-BC4B-4A0A697A8638}.Debug|x86.ActiveCfg = Debug|Any CPU
		{F10D3DBE-232F-4460-BC4B-4A0A697A8638}.Debug|x86.Build.0 = Debug|Any CPU
		{F10D3DBE-232F-4460-BC4B-4A0A697A8638}.Release|Any CPU.ActiveCfg = Release|Any CPU
		{F10D3DBE-232F-4460-BC4B-4A0A697A8638}.Release|Any CPU.Build.0 = Release|Any CPU
		{F10D3DBE-232F-4460-BC4B-4A0A697A8638}.Release|x64.ActiveCfg = Release|Any CPU
		{F10D3DBE-232F-4460-BC4B-4A0A697A8638}.Release|x64.Build.0 = Release|Any CPU
		{F10D3DBE-232F-4460-BC4B-4A0A697A8638}.Release|x86.ActiveCfg = Release|Any CPU
		{F10D3DBE-232F-4460-BC4B-4A0A697A8638}.Release|x86.Build.0 = Release|Any CPU
		{91EF2BE1-36EE-4C5B-BCD0-7C1F28B0B801}.Debug|Any CPU.ActiveCfg = Debug|Any CPU
		{91EF2BE1-36EE-4C5B-BCD0-7C1F28B0B801}.Debug|Any CPU.Build.0 = Debug|Any CPU
		{91EF2BE1-36EE-4C5B-BCD0-7C1F28B0B801}.Debug|x64.ActiveCfg = Debug|Any CPU
		{91EF2BE1-36EE-4C5B-BCD0-7C1F28B0B801}.Debug|x64.Build.0 = Debug|Any CPU
		{91EF2BE1-36EE-4C5B-BCD0-7C1F28B0B801}.Debug|x86.ActiveCfg = Debug|Any CPU
		{91EF2BE1-36EE-4C5B-BCD0-7C1F28B0B801}.Debug|x86.Build.0 = Debug|Any CPU
		{91EF2BE1-36EE-4C5B-BCD0-7C1F28B0B801}.Release|Any CPU.ActiveCfg = Release|Any CPU
		{91EF2BE1-36EE-4C5B-BCD0-7C1F28B0B801}.Release|Any CPU.Build.0 = Release|Any CPU
		{91EF2BE1-36EE-4C5B-BCD0-7C1F28B0B801}.Release|x64.ActiveCfg = Release|Any CPU
		{91EF2BE1-36EE-4C5B-BCD0-7C1F28B0B801}.Release|x64.Build.0 = Release|Any CPU
		{91EF2BE1-36EE-4C5B-BCD0-7C1F28B0B801}.Release|x86.ActiveCfg = Release|Any CPU
		{91EF2BE1-36EE-4C5B-BCD0-7C1F28B0B801}.Release|x86.Build.0 = Release|Any CPU
		{5A61FB7E-7644-4DE1-BB20-6696F12A619A}.Debug|Any CPU.ActiveCfg = Debug|Any CPU
		{5A61FB7E-7644-4DE1-BB20-6696F12A619A}.Debug|Any CPU.Build.0 = Debug|Any CPU
		{5A61FB7E-7644-4DE1-BB20-6696F12A619A}.Debug|x64.ActiveCfg = Debug|Any CPU
		{5A61FB7E-7644-4DE1-BB20-6696F12A619A}.Debug|x64.Build.0 = Debug|Any CPU
		{5A61FB7E-7644-4DE1-BB20-6696F12A619A}.Debug|x86.ActiveCfg = Debug|Any CPU
		{5A61FB7E-7644-4DE1-BB20-6696F12A619A}.Debug|x86.Build.0 = Debug|Any CPU
		{5A61FB7E-7644-4DE1-BB20-6696F12A619A}.Release|Any CPU.ActiveCfg = Release|Any CPU
		{5A61FB7E-7644-4DE1-BB20-6696F12A619A}.Release|Any CPU.Build.0 = Release|Any CPU
		{5A61FB7E-7644-4DE1-BB20-6696F12A619A}.Release|x64.ActiveCfg = Release|Any CPU
		{5A61FB7E-7644-4DE1-BB20-6696F12A619A}.Release|x64.Build.0 = Release|Any CPU
		{5A61FB7E-7644-4DE1-BB20-6696F12A619A}.Release|x86.ActiveCfg = Release|Any CPU
		{5A61FB7E-7644-4DE1-BB20-6696F12A619A}.Release|x86.Build.0 = Release|Any CPU
		{81923DD6-F38F-49A9-8D33-32D7CA806144}.Debug|Any CPU.ActiveCfg = Debug|Any CPU
		{81923DD6-F38F-49A9-8D33-32D7CA806144}.Debug|Any CPU.Build.0 = Debug|Any CPU
		{81923DD6-F38F-49A9-8D33-32D7CA806144}.Debug|x64.ActiveCfg = Debug|Any CPU
		{81923DD6-F38F-49A9-8D33-32D7CA806144}.Debug|x64.Build.0 = Debug|Any CPU
		{81923DD6-F38F-49A9-8D33-32D7CA806144}.Debug|x86.ActiveCfg = Debug|Any CPU
		{81923DD6-F38F-49A9-8D33-32D7CA806144}.Debug|x86.Build.0 = Debug|Any CPU
		{81923DD6-F38F-49A9-8D33-32D7CA806144}.Release|Any CPU.ActiveCfg = Release|Any CPU
		{81923DD6-F38F-49A9-8D33-32D7CA806144}.Release|Any CPU.Build.0 = Release|Any CPU
		{81923DD6-F38F-49A9-8D33-32D7CA806144}.Release|x64.ActiveCfg = Release|Any CPU
		{81923DD6-F38F-49A9-8D33-32D7CA806144}.Release|x64.Build.0 = Release|Any CPU
		{81923DD6-F38F-49A9-8D33-32D7CA806144}.Release|x86.ActiveCfg = Release|Any CPU
		{81923DD6-F38F-49A9-8D33-32D7CA806144}.Release|x86.Build.0 = Release|Any CPU
		{E57EEF25-8BE0-4827-9C8E-A4875D56BDB7}.Debug|Any CPU.ActiveCfg = Debug|Any CPU
		{E57EEF25-8BE0-4827-9C8E-A4875D56BDB7}.Debug|Any CPU.Build.0 = Debug|Any CPU
		{E57EEF25-8BE0-4827-9C8E-A4875D56BDB7}.Debug|x64.ActiveCfg = Debug|Any CPU
		{E57EEF25-8BE0-4827-9C8E-A4875D56BDB7}.Debug|x64.Build.0 = Debug|Any CPU
		{E57EEF25-8BE0-4827-9C8E-A4875D56BDB7}.Debug|x86.ActiveCfg = Debug|Any CPU
		{E57EEF25-8BE0-4827-9C8E-A4875D56BDB7}.Debug|x86.Build.0 = Debug|Any CPU
		{E57EEF25-8BE0-4827-9C8E-A4875D56BDB7}.Release|Any CPU.ActiveCfg = Release|Any CPU
		{E57EEF25-8BE0-4827-9C8E-A4875D56BDB7}.Release|Any CPU.Build.0 = Release|Any CPU
		{E57EEF25-8BE0-4827-9C8E-A4875D56BDB7}.Release|x64.ActiveCfg = Release|Any CPU
		{E57EEF25-8BE0-4827-9C8E-A4875D56BDB7}.Release|x64.Build.0 = Release|Any CPU
		{E57EEF25-8BE0-4827-9C8E-A4875D56BDB7}.Release|x86.ActiveCfg = Release|Any CPU
		{E57EEF25-8BE0-4827-9C8E-A4875D56BDB7}.Release|x86.Build.0 = Release|Any CPU
		{C1753AFF-F725-4304-AF84-DAB1BF23991B}.Debug|Any CPU.ActiveCfg = Debug|Any CPU
		{C1753AFF-F725-4304-AF84-DAB1BF23991B}.Debug|Any CPU.Build.0 = Debug|Any CPU
		{C1753AFF-F725-4304-AF84-DAB1BF23991B}.Debug|x64.ActiveCfg = Debug|Any CPU
		{C1753AFF-F725-4304-AF84-DAB1BF23991B}.Debug|x64.Build.0 = Debug|Any CPU
		{C1753AFF-F725-4304-AF84-DAB1BF23991B}.Debug|x86.ActiveCfg = Debug|Any CPU
		{C1753AFF-F725-4304-AF84-DAB1BF23991B}.Debug|x86.Build.0 = Debug|Any CPU
		{C1753AFF-F725-4304-AF84-DAB1BF23991B}.Release|Any CPU.ActiveCfg = Release|Any CPU
		{C1753AFF-F725-4304-AF84-DAB1BF23991B}.Release|Any CPU.Build.0 = Release|Any CPU
		{C1753AFF-F725-4304-AF84-DAB1BF23991B}.Release|x64.ActiveCfg = Release|Any CPU
		{C1753AFF-F725-4304-AF84-DAB1BF23991B}.Release|x64.Build.0 = Release|Any CPU
		{C1753AFF-F725-4304-AF84-DAB1BF23991B}.Release|x86.ActiveCfg = Release|Any CPU
		{C1753AFF-F725-4304-AF84-DAB1BF23991B}.Release|x86.Build.0 = Release|Any CPU
		{824F7515-67B2-49FE-875B-55DE55F83FB7}.Debug|Any CPU.ActiveCfg = Debug|Any CPU
		{824F7515-67B2-49FE-875B-55DE55F83FB7}.Debug|Any CPU.Build.0 = Debug|Any CPU
		{824F7515-67B2-49FE-875B-55DE55F83FB7}.Debug|x64.ActiveCfg = Debug|Any CPU
		{824F7515-67B2-49FE-875B-55DE55F83FB7}.Debug|x64.Build.0 = Debug|Any CPU
		{824F7515-67B2-49FE-875B-55DE55F83FB7}.Debug|x86.ActiveCfg = Debug|Any CPU
		{824F7515-67B2-49FE-875B-55DE55F83FB7}.Debug|x86.Build.0 = Debug|Any CPU
		{824F7515-67B2-49FE-875B-55DE55F83FB7}.Release|Any CPU.ActiveCfg = Release|Any CPU
		{824F7515-67B2-49FE-875B-55DE55F83FB7}.Release|Any CPU.Build.0 = Release|Any CPU
		{824F7515-67B2-49FE-875B-55DE55F83FB7}.Release|x64.ActiveCfg = Release|Any CPU
		{824F7515-67B2-49FE-875B-55DE55F83FB7}.Release|x64.Build.0 = Release|Any CPU
		{824F7515-67B2-49FE-875B-55DE55F83FB7}.Release|x86.ActiveCfg = Release|Any CPU
		{824F7515-67B2-49FE-875B-55DE55F83FB7}.Release|x86.Build.0 = Release|Any CPU
	EndGlobalSection
EndGlobal
